// !$*UTF8*$!
{
	archiveVersion = 1;
	classes = {
	};
	objectVersion = 56;
	objects = {

/* Begin PBXBuildFile section */
		3841FB3929B0A7DE00AAC814 /* ChatBotApp.swift in Sources */ = {isa = PBXBuildFile; fileRef = 3841FB3829B0A7DE00AAC814 /* ChatBotApp.swift */; };
		3841FB3B29B0A7DE00AAC814 /* ContentView.swift in Sources */ = {isa = PBXBuildFile; fileRef = 3841FB3A29B0A7DE00AAC814 /* ContentView.swift */; };
		3841FB3D29B0A7E200AAC814 /* Assets.xcassets in Resources */ = {isa = PBXBuildFile; fileRef = 3841FB3C29B0A7E200AAC814 /* Assets.xcassets */; };
		3841FB4029B0A7E200AAC814 /* Preview Assets.xcassets in Resources */ = {isa = PBXBuildFile; fileRef = 3841FB3F29B0A7E200AAC814 /* Preview Assets.xcassets */; };
		3841FB4829B0A97700AAC814 /* ChatBot.swift in Sources */ = {isa = PBXBuildFile; fileRef = 3841FB4729B0A97700AAC814 /* ChatBot.swift */; };
		3841FB4A29B0B7D800AAC814 /* DialogView.swift in Sources */ = {isa = PBXBuildFile; fileRef = 3841FB4929B0B7D800AAC814 /* DialogView.swift */; };
		384356DC29B1B716005F2DBF /* PlaceholderView.swift in Sources */ = {isa = PBXBuildFile; fileRef = 384356DB29B1B716005F2DBF /* PlaceholderView.swift */; };
		384356DE29B1BDA2005F2DBF /* BordeBackground.swift in Sources */ = {isa = PBXBuildFile; fileRef = 384356DD29B1BDA2005F2DBF /* BordeBackground.swift */; };
		384356E229B1CA69005F2DBF /* Conversation.swift in Sources */ = {isa = PBXBuildFile; fileRef = 384356E129B1CA69005F2DBF /* Conversation.swift */; };
		384356E629B2F266005F2DBF /* SideBar.swift in Sources */ = {isa = PBXBuildFile; fileRef = 384356E529B2F266005F2DBF /* SideBar.swift */; };
		384356E829B2F353005F2DBF /* OpenAIServer.swift in Sources */ = {isa = PBXBuildFile; fileRef = 384356E729B2F353005F2DBF /* OpenAIServer.swift */; };
		384356EA29B2F70C005F2DBF /* APIKeyConfigurator.swift in Sources */ = {isa = PBXBuildFile; fileRef = 384356E929B2F70C005F2DBF /* APIKeyConfigurator.swift */; };
		384356EF29B3940F005F2DBF /* ConditionalModifier.swift in Sources */ = {isa = PBXBuildFile; fileRef = 384356EE29B3940F005F2DBF /* ConditionalModifier.swift */; };
		FD79A32629BB48AF0045CDAC /* MarkdownUI in Frameworks */ = {isa = PBXBuildFile; productRef = FD79A32529BB48AF0045CDAC /* MarkdownUI */; };
/* End PBXBuildFile section */

/* Begin PBXFileReference section */
		3841FB3529B0A7DE00AAC814 /* ChatBot.app */ = {isa = PBXFileReference; explicitFileType = wrapper.application; includeInIndex = 0; path = ChatBot.app; sourceTree = BUILT_PRODUCTS_DIR; };
		3841FB3829B0A7DE00AAC814 /* ChatBotApp.swift */ = {isa = PBXFileReference; lastKnownFileType = sourcecode.swift; path = ChatBotApp.swift; sourceTree = "<group>"; };
		3841FB3A29B0A7DE00AAC814 /* ContentView.swift */ = {isa = PBXFileReference; lastKnownFileType = sourcecode.swift; path = ContentView.swift; sourceTree = "<group>"; };
		3841FB3C29B0A7E200AAC814 /* Assets.xcassets */ = {isa = PBXFileReference; lastKnownFileType = folder.assetcatalog; path = Assets.xcassets; sourceTree = "<group>"; };
		3841FB3F29B0A7E200AAC814 /* Preview Assets.xcassets */ = {isa = PBXFileReference; lastKnownFileType = folder.assetcatalog; path = "Preview Assets.xcassets"; sourceTree = "<group>"; };
		3841FB4129B0A7E200AAC814 /* ChatBot.entitlements */ = {isa = PBXFileReference; lastKnownFileType = text.plist.entitlements; path = ChatBot.entitlements; sourceTree = "<group>"; };
		3841FB4729B0A97700AAC814 /* ChatBot.swift */ = {isa = PBXFileReference; lastKnownFileType = sourcecode.swift; path = ChatBot.swift; sourceTree = "<group>"; };
		3841FB4929B0B7D800AAC814 /* DialogView.swift */ = {isa = PBXFileReference; lastKnownFileType = sourcecode.swift; path = DialogView.swift; sourceTree = "<group>"; };
		384356DB29B1B716005F2DBF /* PlaceholderView.swift */ = {isa = PBXFileReference; lastKnownFileType = sourcecode.swift; path = PlaceholderView.swift; sourceTree = "<group>"; };
		384356DD29B1BDA2005F2DBF /* BordeBackground.swift */ = {isa = PBXFileReference; lastKnownFileType = sourcecode.swift; path = BordeBackground.swift; sourceTree = "<group>"; };
		384356E129B1CA69005F2DBF /* Conversation.swift */ = {isa = PBXFileReference; lastKnownFileType = sourcecode.swift; path = Conversation.swift; sourceTree = "<group>"; };
		384356E529B2F266005F2DBF /* SideBar.swift */ = {isa = PBXFileReference; lastKnownFileType = sourcecode.swift; path = SideBar.swift; sourceTree = "<group>"; };
		384356E729B2F353005F2DBF /* OpenAIServer.swift */ = {isa = PBXFileReference; lastKnownFileType = sourcecode.swift; path = OpenAIServer.swift; sourceTree = "<group>"; };
		384356E929B2F70C005F2DBF /* APIKeyConfigurator.swift */ = {isa = PBXFileReference; lastKnownFileType = sourcecode.swift; path = APIKeyConfigurator.swift; sourceTree = "<group>"; };
		384356EE29B3940F005F2DBF /* ConditionalModifier.swift */ = {isa = PBXFileReference; lastKnownFileType = sourcecode.swift; path = ConditionalModifier.swift; sourceTree = "<group>"; };
		38C6CC2229B751A800B1BB2C /* Info.plist */ = {isa = PBXFileReference; lastKnownFileType = text.plist; path = Info.plist; sourceTree = "<group>"; };
/* End PBXFileReference section */

/* Begin PBXFrameworksBuildPhase section */
		3841FB3229B0A7DE00AAC814 /* Frameworks */ = {
			isa = PBXFrameworksBuildPhase;
			buildActionMask = 2147483647;
			files = (
				FD79A32629BB48AF0045CDAC /* MarkdownUI in Frameworks */,
			);
			runOnlyForDeploymentPostprocessing = 0;
		};
/* End PBXFrameworksBuildPhase section */

/* Begin PBXGroup section */
		3841FB2C29B0A7DE00AAC814 = {
			isa = PBXGroup;
			children = (
				3841FB3729B0A7DE00AAC814 /* ChatBot */,
				3841FB3629B0A7DE00AAC814 /* Products */,
			);
			sourceTree = "<group>";
		};
		3841FB3629B0A7DE00AAC814 /* Products */ = {
			isa = PBXGroup;
			children = (
				3841FB3529B0A7DE00AAC814 /* ChatBot.app */,
			);
			name = Products;
			sourceTree = "<group>";
		};
		3841FB3729B0A7DE00AAC814 /* ChatBot */ = {
			isa = PBXGroup;
			children = (
				38C6CC2229B751A800B1BB2C /* Info.plist */,
				3841FB3829B0A7DE00AAC814 /* ChatBotApp.swift */,
				3841FB3A29B0A7DE00AAC814 /* ContentView.swift */,
				384356E529B2F266005F2DBF /* SideBar.swift */,
				384356EB29B3066C005F2DBF /* View */,
				384356EC29B30676005F2DBF /* Style */,
				384356ED29B30682005F2DBF /* Model */,
				384356EE29B3940F005F2DBF /* ConditionalModifier.swift */,
				3841FB3C29B0A7E200AAC814 /* Assets.xcassets */,
				3841FB4129B0A7E200AAC814 /* ChatBot.entitlements */,
				3841FB3E29B0A7E200AAC814 /* Preview Content */,
			);
			path = ChatBot;
			sourceTree = "<group>";
		};
		3841FB3E29B0A7E200AAC814 /* Preview Content */ = {
			isa = PBXGroup;
			children = (
				3841FB3F29B0A7E200AAC814 /* Preview Assets.xcassets */,
			);
			path = "Preview Content";
			sourceTree = "<group>";
		};
		384356EB29B3066C005F2DBF /* View */ = {
			isa = PBXGroup;
			children = (
				384356E929B2F70C005F2DBF /* APIKeyConfigurator.swift */,
				384356DB29B1B716005F2DBF /* PlaceholderView.swift */,
				3841FB4929B0B7D800AAC814 /* DialogView.swift */,
			);
			path = View;
			sourceTree = "<group>";
		};
		384356EC29B30676005F2DBF /* Style */ = {
			isa = PBXGroup;
			children = (
				384356DD29B1BDA2005F2DBF /* BordeBackground.swift */,
			);
			path = Style;
			sourceTree = "<group>";
		};
		384356ED29B30682005F2DBF /* Model */ = {
			isa = PBXGroup;
			children = (
				3841FB4729B0A97700AAC814 /* ChatBot.swift */,
				384356E729B2F353005F2DBF /* OpenAIServer.swift */,
				384356E129B1CA69005F2DBF /* Conversation.swift */,
			);
			path = Model;
			sourceTree = "<group>";
		};
/* End PBXGroup section */

/* Begin PBXNativeTarget section */
		3841FB3429B0A7DE00AAC814 /* ChatBot */ = {
			isa = PBXNativeTarget;
			buildConfigurationList = 3841FB4429B0A7E200AAC814 /* Build configuration list for PBXNativeTarget "ChatBot" */;
			buildPhases = (
				3841FB3129B0A7DE00AAC814 /* Sources */,
				3841FB3229B0A7DE00AAC814 /* Frameworks */,
				3841FB3329B0A7DE00AAC814 /* Resources */,
			);
			buildRules = (
			);
			dependencies = (
			);
			name = ChatBot;
			packageProductDependencies = (
				FD79A32529BB48AF0045CDAC /* MarkdownUI */,
			);
			productName = ChatBot;
			productReference = 3841FB3529B0A7DE00AAC814 /* ChatBot.app */;
			productType = "com.apple.product-type.application";
		};
/* End PBXNativeTarget section */

/* Begin PBXProject section */
		3841FB2D29B0A7DE00AAC814 /* Project object */ = {
			isa = PBXProject;
			attributes = {
				BuildIndependentTargetsInParallel = 1;
				LastSwiftUpdateCheck = 1430;
				LastUpgradeCheck = 1430;
				TargetAttributes = {
					3841FB3429B0A7DE00AAC814 = {
						CreatedOnToolsVersion = 14.3;
					};
				};
			};
			buildConfigurationList = 3841FB3029B0A7DE00AAC814 /* Build configuration list for PBXProject "ChatBot" */;
			compatibilityVersion = "Xcode 14.0";
			developmentRegion = en;
			hasScannedForEncodings = 0;
			knownRegions = (
				en,
				Base,
			);
			mainGroup = 3841FB2C29B0A7DE00AAC814;
			packageReferences = (
				FD79A32429BB48AF0045CDAC /* XCRemoteSwiftPackageReference "swift-markdown-ui" */,
			);
			productRefGroup = 3841FB3629B0A7DE00AAC814 /* Products */;
			projectDirPath = "";
			projectRoot = "";
			targets = (
				3841FB3429B0A7DE00AAC814 /* ChatBot */,
			);
		};
/* End PBXProject section */

/* Begin PBXResourcesBuildPhase section */
		3841FB3329B0A7DE00AAC814 /* Resources */ = {
			isa = PBXResourcesBuildPhase;
			buildActionMask = 2147483647;
			files = (
				3841FB4029B0A7E200AAC814 /* Preview Assets.xcassets in Resources */,
				3841FB3D29B0A7E200AAC814 /* Assets.xcassets in Resources */,
			);
			runOnlyForDeploymentPostprocessing = 0;
		};
/* End PBXResourcesBuildPhase section */

/* Begin PBXSourcesBuildPhase section */
		3841FB3129B0A7DE00AAC814 /* Sources */ = {
			isa = PBXSourcesBuildPhase;
			buildActionMask = 2147483647;
			files = (
				3841FB3B29B0A7DE00AAC814 /* ContentView.swift in Sources */,
				384356EF29B3940F005F2DBF /* ConditionalModifier.swift in Sources */,
				3841FB3929B0A7DE00AAC814 /* ChatBotApp.swift in Sources */,
				384356E629B2F266005F2DBF /* SideBar.swift in Sources */,
				3841FB4A29B0B7D800AAC814 /* DialogView.swift in Sources */,
				384356E829B2F353005F2DBF /* OpenAIServer.swift in Sources */,
				384356EA29B2F70C005F2DBF /* APIKeyConfigurator.swift in Sources */,
				384356DC29B1B716005F2DBF /* PlaceholderView.swift in Sources */,
				384356E229B1CA69005F2DBF /* Conversation.swift in Sources */,
				384356DE29B1BDA2005F2DBF /* BordeBackground.swift in Sources */,
				3841FB4829B0A97700AAC814 /* ChatBot.swift in Sources */,
			);
			runOnlyForDeploymentPostprocessing = 0;
		};
/* End PBXSourcesBuildPhase section */

/* Begin XCBuildConfiguration section */
		3841FB4229B0A7E200AAC814 /* Debug */ = {
			isa = XCBuildConfiguration;
			buildSettings = {
				ALWAYS_SEARCH_USER_PATHS = NO;
				CLANG_ANALYZER_NONNULL = YES;
				CLANG_ANALYZER_NUMBER_OBJECT_CONVERSION = YES_AGGRESSIVE;
				CLANG_CXX_LANGUAGE_STANDARD = "gnu++20";
				CLANG_ENABLE_MODULES = YES;
				CLANG_ENABLE_OBJC_ARC = YES;
				CLANG_ENABLE_OBJC_WEAK = YES;
				CLANG_WARN_BLOCK_CAPTURE_AUTORELEASING = YES;
				CLANG_WARN_BOOL_CONVERSION = YES;
				CLANG_WARN_COMMA = YES;
				CLANG_WARN_CONSTANT_CONVERSION = YES;
				CLANG_WARN_DEPRECATED_OBJC_IMPLEMENTATIONS = YES;
				CLANG_WARN_DIRECT_OBJC_ISA_USAGE = YES_ERROR;
				CLANG_WARN_DOCUMENTATION_COMMENTS = YES;
				CLANG_WARN_EMPTY_BODY = YES;
				CLANG_WARN_ENUM_CONVERSION = YES;
				CLANG_WARN_INFINITE_RECURSION = YES;
				CLANG_WARN_INT_CONVERSION = YES;
				CLANG_WARN_NON_LITERAL_NULL_CONVERSION = YES;
				CLANG_WARN_OBJC_IMPLICIT_RETAIN_SELF = YES;
				CLANG_WARN_OBJC_LITERAL_CONVERSION = YES;
				CLANG_WARN_OBJC_ROOT_CLASS = YES_ERROR;
				CLANG_WARN_QUOTED_INCLUDE_IN_FRAMEWORK_HEADER = YES;
				CLANG_WARN_RANGE_LOOP_ANALYSIS = YES;
				CLANG_WARN_STRICT_PROTOTYPES = YES;
				CLANG_WARN_SUSPICIOUS_MOVE = YES;
				CLANG_WARN_UNGUARDED_AVAILABILITY = YES_AGGRESSIVE;
				CLANG_WARN_UNREACHABLE_CODE = YES;
				CLANG_WARN__DUPLICATE_METHOD_MATCH = YES;
				COPY_PHASE_STRIP = NO;
				DEBUG_INFORMATION_FORMAT = dwarf;
				ENABLE_STRICT_OBJC_MSGSEND = YES;
				ENABLE_TESTABILITY = YES;
				GCC_C_LANGUAGE_STANDARD = gnu11;
				GCC_DYNAMIC_NO_PIC = NO;
				GCC_NO_COMMON_BLOCKS = YES;
				GCC_OPTIMIZATION_LEVEL = 0;
				GCC_PREPROCESSOR_DEFINITIONS = (
					"DEBUG=1",
					"$(inherited)",
				);
				GCC_WARN_64_TO_32_BIT_CONVERSION = YES;
				GCC_WARN_ABOUT_RETURN_TYPE = YES_ERROR;
				GCC_WARN_UNDECLARED_SELECTOR = YES;
				GCC_WARN_UNINITIALIZED_AUTOS = YES_AGGRESSIVE;
				GCC_WARN_UNUSED_FUNCTION = YES;
				GCC_WARN_UNUSED_VARIABLE = YES;
				MACOSX_DEPLOYMENT_TARGET = 12.0;
				MTL_ENABLE_DEBUG_INFO = INCLUDE_SOURCE;
				MTL_FAST_MATH = YES;
				ONLY_ACTIVE_ARCH = YES;
				SDKROOT = macosx;
				SWIFT_ACTIVE_COMPILATION_CONDITIONS = DEBUG;
				SWIFT_OPTIMIZATION_LEVEL = "-Onone";
			};
			name = Debug;
		};
		3841FB4329B0A7E200AAC814 /* Release */ = {
			isa = XCBuildConfiguration;
			buildSettings = {
				ALWAYS_SEARCH_USER_PATHS = NO;
				CLANG_ANALYZER_NONNULL = YES;
				CLANG_ANALYZER_NUMBER_OBJECT_CONVERSION = YES_AGGRESSIVE;
				CLANG_CXX_LANGUAGE_STANDARD = "gnu++20";
				CLANG_ENABLE_MODULES = YES;
				CLANG_ENABLE_OBJC_ARC = YES;
				CLANG_ENABLE_OBJC_WEAK = YES;
				CLANG_WARN_BLOCK_CAPTURE_AUTORELEASING = YES;
				CLANG_WARN_BOOL_CONVERSION = YES;
				CLANG_WARN_COMMA = YES;
				CLANG_WARN_CONSTANT_CONVERSION = YES;
				CLANG_WARN_DEPRECATED_OBJC_IMPLEMENTATIONS = YES;
				CLANG_WARN_DIRECT_OBJC_ISA_USAGE = YES_ERROR;
				CLANG_WARN_DOCUMENTATION_COMMENTS = YES;
				CLANG_WARN_EMPTY_BODY = YES;
				CLANG_WARN_ENUM_CONVERSION = YES;
				CLANG_WARN_INFINITE_RECURSION = YES;
				CLANG_WARN_INT_CONVERSION = YES;
				CLANG_WARN_NON_LITERAL_NULL_CONVERSION = YES;
				CLANG_WARN_OBJC_IMPLICIT_RETAIN_SELF = YES;
				CLANG_WARN_OBJC_LITERAL_CONVERSION = YES;
				CLANG_WARN_OBJC_ROOT_CLASS = YES_ERROR;
				CLANG_WARN_QUOTED_INCLUDE_IN_FRAMEWORK_HEADER = YES;
				CLANG_WARN_RANGE_LOOP_ANALYSIS = YES;
				CLANG_WARN_STRICT_PROTOTYPES = YES;
				CLANG_WARN_SUSPICIOUS_MOVE = YES;
				CLANG_WARN_UNGUARDED_AVAILABILITY = YES_AGGRESSIVE;
				CLANG_WARN_UNREACHABLE_CODE = YES;
				CLANG_WARN__DUPLICATE_METHOD_MATCH = YES;
				COPY_PHASE_STRIP = NO;
				DEBUG_INFORMATION_FORMAT = "dwarf-with-dsym";
				ENABLE_NS_ASSERTIONS = NO;
				ENABLE_STRICT_OBJC_MSGSEND = YES;
				GCC_C_LANGUAGE_STANDARD = gnu11;
				GCC_NO_COMMON_BLOCKS = YES;
				GCC_WARN_64_TO_32_BIT_CONVERSION = YES;
				GCC_WARN_ABOUT_RETURN_TYPE = YES_ERROR;
				GCC_WARN_UNDECLARED_SELECTOR = YES;
				GCC_WARN_UNINITIALIZED_AUTOS = YES_AGGRESSIVE;
				GCC_WARN_UNUSED_FUNCTION = YES;
				GCC_WARN_UNUSED_VARIABLE = YES;
				MACOSX_DEPLOYMENT_TARGET = 12.0;
				MTL_ENABLE_DEBUG_INFO = NO;
				MTL_FAST_MATH = YES;
				SDKROOT = macosx;
				SWIFT_COMPILATION_MODE = wholemodule;
				SWIFT_OPTIMIZATION_LEVEL = "-O";
			};
			name = Release;
		};
		3841FB4529B0A7E200AAC814 /* Debug */ = {
			isa = XCBuildConfiguration;
			buildSettings = {
				ASSETCATALOG_COMPILER_APPICON_NAME = AppIcon;
				ASSETCATALOG_COMPILER_GLOBAL_ACCENT_COLOR_NAME = AccentColor;
				CODE_SIGN_ENTITLEMENTS = ChatBot/ChatBot.entitlements;
				CODE_SIGN_STYLE = Automatic;
				COMBINE_HIDPI_IMAGES = YES;
				CURRENT_PROJECT_VERSION = 1;
				DEVELOPMENT_ASSET_PATHS = "\"ChatBot/Preview Content\"";
				DEVELOPMENT_TEAM = CJ9X49H2WL;
				ENABLE_HARDENED_RUNTIME = YES;
				ENABLE_PREVIEWS = YES;
				GENERATE_INFOPLIST_FILE = YES;
				INFOPLIST_FILE = ChatBot/Info.plist;
				INFOPLIST_KEY_LSApplicationCategoryType = "";
				INFOPLIST_KEY_UIApplicationSceneManifest_Generation = YES;
				INFOPLIST_KEY_UISupportedInterfaceOrientations = "UIInterfaceOrientationLandscapeLeft UIInterfaceOrientationLandscapeRight UIInterfaceOrientationPortrait";
				INFOPLIST_KEY_UISupportedInterfaceOrientations_iPad = "UIInterfaceOrientationLandscapeLeft UIInterfaceOrientationLandscapeRight UIInterfaceOrientationPortrait UIInterfaceOrientationPortraitUpsideDown";
				IPHONEOS_DEPLOYMENT_TARGET = 15.0;
				LD_RUNPATH_SEARCH_PATHS = (
					"$(inherited)",
					"@executable_path/../Frameworks",
				);
				MARKETING_VERSION = 1.0;
				PRODUCT_BUNDLE_IDENTIFIER = liyanan2004.ChatBot;
				PRODUCT_NAME = "$(TARGET_NAME)";
				SUPPORTED_PLATFORMS = "iphoneos iphonesimulator macosx";
				SUPPORTS_MACCATALYST = NO;
				SUPPORTS_MAC_DESIGNED_FOR_IPHONE_IPAD = NO;
				SWIFT_EMIT_LOC_STRINGS = YES;
				SWIFT_VERSION = 5.0;
				TARGETED_DEVICE_FAMILY = "1,2";
			};
			name = Debug;
		};
		3841FB4629B0A7E200AAC814 /* Release */ = {
			isa = XCBuildConfiguration;
			buildSettings = {
				ASSETCATALOG_COMPILER_APPICON_NAME = AppIcon;
				ASSETCATALOG_COMPILER_GLOBAL_ACCENT_COLOR_NAME = AccentColor;
				CODE_SIGN_ENTITLEMENTS = ChatBot/ChatBot.entitlements;
				CODE_SIGN_STYLE = Automatic;
				COMBINE_HIDPI_IMAGES = YES;
				CURRENT_PROJECT_VERSION = 1;
				DEVELOPMENT_ASSET_PATHS = "\"ChatBot/Preview Content\"";
				DEVELOPMENT_TEAM = CJ9X49H2WL;
				ENABLE_HARDENED_RUNTIME = YES;
				ENABLE_PREVIEWS = YES;
				GENERATE_INFOPLIST_FILE = YES;
				INFOPLIST_FILE = ChatBot/Info.plist;
				INFOPLIST_KEY_LSApplicationCategoryType = "";
				INFOPLIST_KEY_UIApplicationSceneManifest_Generation = YES;
				INFOPLIST_KEY_UISupportedInterfaceOrientations = "UIInterfaceOrientationLandscapeLeft UIInterfaceOrientationLandscapeRight UIInterfaceOrientationPortrait";
				INFOPLIST_KEY_UISupportedInterfaceOrientations_iPad = "UIInterfaceOrientationLandscapeLeft UIInterfaceOrientationLandscapeRight UIInterfaceOrientationPortrait UIInterfaceOrientationPortraitUpsideDown";
				IPHONEOS_DEPLOYMENT_TARGET = 15.0;
				LD_RUNPATH_SEARCH_PATHS = (
					"$(inherited)",
					"@executable_path/../Frameworks",
				);
				MARKETING_VERSION = 1.0;
				PRODUCT_BUNDLE_IDENTIFIER = liyanan2004.ChatBot;
				PRODUCT_NAME = "$(TARGET_NAME)";
				SUPPORTED_PLATFORMS = "iphoneos iphonesimulator macosx";
				SUPPORTS_MACCATALYST = NO;
				SUPPORTS_MAC_DESIGNED_FOR_IPHONE_IPAD = NO;
				SWIFT_EMIT_LOC_STRINGS = YES;
				SWIFT_VERSION = 5.0;
				TARGETED_DEVICE_FAMILY = "1,2";
			};
			name = Release;
		};
/* End XCBuildConfiguration section */

/* Begin XCConfigurationList section */
		3841FB3029B0A7DE00AAC814 /* Build configuration list for PBXProject "ChatBot" */ = {
			isa = XCConfigurationList;
			buildConfigurations = (
				3841FB4229B0A7E200AAC814 /* Debug */,
				3841FB4329B0A7E200AAC814 /* Release */,
			);
			defaultConfigurationIsVisible = 0;
			defaultConfigurationName = Release;
		};
		3841FB4429B0A7E200AAC814 /* Build configuration list for PBXNativeTarget "ChatBot" */ = {
			isa = XCConfigurationList;
			buildConfigurations = (
				3841FB4529B0A7E200AAC814 /* Debug */,
				3841FB4629B0A7E200AAC814 /* Release */,
			);
			defaultConfigurationIsVisible = 0;
			defaultConfigurationName = Release;
		};
/* End XCConfigurationList section */

/* Begin XCRemoteSwiftPackageReference section */
		FD79A32429BB48AF0045CDAC /* XCRemoteSwiftPackageReference "swift-markdown-ui" */ = {
			isa = XCRemoteSwiftPackageReference;
			repositoryURL = "https://github.com/gonzalezreal/swift-markdown-ui";
			requirement = {
				kind = exactVersion;
				version = 2.0.1;
			};
		};
/* End XCRemoteSwiftPackageReference section */

/* Begin XCSwiftPackageProductDependency section */
		FD79A32529BB48AF0045CDAC /* MarkdownUI */ = {
			isa = XCSwiftPackageProductDependency;
			package = FD79A32429BB48AF0045CDAC /* XCRemoteSwiftPackageReference "swift-markdown-ui" */;
			productName = MarkdownUI;
		};
/* End XCSwiftPackageProductDependency section */
	};
	rootObject = 3841FB2D29B0A7DE00AAC814 /* Project object */;
}
